
Microsoft Visual Studio Solution File, Format Version 12.00
# Visual Studio 14
VisualStudioVersion = 14.0.24720.0
MinimumVisualStudioVersion = 10.0.40219.1
Project("{FAE04EC0-301F-11D3-BF4B-00C04F79EFBC}") = "DashCache.Web", "DashCache.Web\DashCache.Web.csproj", "{5CB24BD3-C02C-4A87-AC1B-AFEFA6C8C491}"
EndProject
Project("{FAE04EC0-301F-11D3-BF4B-00C04F79EFBC}") = "DashCache.Domain", "DashCache.Domain\DashCache.Domain.csproj", "{C9D2E17A-C515-47DD-8AEE-365D1B7EBEB2}"
EndProject
Project("{FAE04EC0-301F-11D3-BF4B-00C04F79EFBC}") = "DashCache.CacheFramework", "DashCache.CacheFramework\DashCache.CacheFramework.csproj", "{DAD90061-FCEC-4410-8292-1E05468F49D1}"
EndProject
Project("{2150E333-8FDC-42A3-9474-1A3956D46DE8}") = "Solution Items", "Solution Items", "{8AC611C0-30C9-457F-8A42-D380C0E3B773}"
	ProjectSection(SolutionItems) = preProject
		ReadMe.txt = ReadMe.txt
	EndProjectSection
EndProject
Project("{FAE04EC0-301F-11D3-BF4B-00C04F79EFBC}") = "DashCache.Unit.Tests", "DashCache.Unit.Tests\DashCache.Unit.Tests.csproj", "{CBBF19CA-4B44-47B1-8CDF-8CDC311A984E}"
EndProject
Project("{FAE04EC0-301F-11D3-BF4B-00C04F79EFBC}") = "DashCache.Common", "DashCache.Common\DashCache.Common.csproj", "{5264C8E2-5CA2-41E3-86FD-9250CD29E7BF}"
EndProject
Global
	GlobalSection(SolutionConfigurationPlatforms) = preSolution
		Debug|Any CPU = Debug|Any CPU
		Release|Any CPU = Release|Any CPU
	EndGlobalSection
	GlobalSection(ProjectConfigurationPlatforms) = postSolution
		{5CB24BD3-C02C-4A87-AC1B-AFEFA6C8C491}.Debug|Any CPU.ActiveCfg = Debug|Any CPU
		{5CB24BD3-C02C-4A87-AC1B-AFEFA6C8C491}.Debug|Any CPU.Build.0 = Debug|Any CPU
		{5CB24BD3-C02C-4A87-AC1B-AFEFA6C8C491}.Release|Any CPU.ActiveCfg = Release|Any CPU
		{5CB24BD3-C02C-4A87-AC1B-AFEFA6C8C491}.Release|Any CPU.Build.0 = Release|Any CPU
		{C9D2E17A-C515-47DD-8AEE-365D1B7EBEB2}.Debug|Any CPU.ActiveCfg = Debug|Any CPU
		{C9D2E17A-C515-47DD-8AEE-365D1B7EBEB2}.Debug|Any CPU.Build.0 = Debug|Any CPU
		{C9D2E17A-C515-47DD-8AEE-365D1B7EBEB2}.Release|Any CPU.ActiveCfg = Release|Any CPU
		{C9D2E17A-C515-47DD-8AEE-365D1B7EBEB2}.Release|Any CPU.Build.0 = Release|Any CPU
		{DAD90061-FCEC-4410-8292-1E05468F49D1}.Debug|Any CPU.ActiveCfg = Debug|Any CPU
		{DAD90061-FCEC-4410-8292-1E05468F49D1}.Debug|Any CPU.Build.0 = Debug|Any CPU
		{DAD90061-FCEC-4410-8292-1E05468F49D1}.Release|Any CPU.ActiveCfg = Release|Any CPU
		{DAD90061-FCEC-4410-8292-1E05468F49D1}.Release|Any CPU.Build.0 = Release|Any CPU
		{CBBF19CA-4B44-47B1-8CDF-8CDC311A984E}.Debug|Any CPU.ActiveCfg = Debug|Any CPU
		{CBBF19CA-4B44-47B1-8CDF-8CDC311A984E}.Debug|Any CPU.Build.0 = Debug|Any CPU
		{CBBF19CA-4B44-47B1-8CDF-8CDC311A984E}.Release|Any CPU.ActiveCfg = Release|Any CPU
		{CBBF19CA-4B44-47B1-8CDF-8CDC311A984E}.Release|Any CPU.Build.0 = Release|Any CPU
		{5264C8E2-5CA2-41E3-86FD-9250CD29E7BF}.Debug|Any CPU.ActiveCfg = Debug|Any CPU
		{5264C8E2-5CA2-41E3-86FD-9250CD29E7BF}.Debug|Any CPU.Build.0 = Debug|Any CPU
		{5264C8E2-5CA2-41E3-86FD-9250CD29E7BF}.Release|Any CPU.ActiveCfg = Release|Any CPU
		{5264C8E2-5CA2-41E3-86FD-9250CD29E7BF}.Release|Any CPU.Build.0 = Release|Any CPU
	EndGlobalSection
	GlobalSection(SolutionProperties) = preSolution
		HideSolutionNode = FALSE
	EndGlobalSection
EndGlobal
